
Microsoft Visual Studio Solution File, Format Version 12.00
# Visual Studio Version 17
VisualStudioVersion = 17.0.31903.59
MinimumVisualStudioVersion = 10.0.40219.1
Project("{FAE04EC0-301F-11D3-BF4B-00C04F79EFBC}") = "FormulaAirline.API", "FormulaAirline.API\FormulaAirline.API.csproj", "{0884DA14-C256-4E61-99E9-15851F3DCD79}"
EndProject
Project("{FAE04EC0-301F-11D3-BF4B-00C04F79EFBC}") = "FormulaAirline.TicketProcessing", "FormulaAirline.TicketProcessing\FormulaAirline.TicketProcessing.csproj", "{A5849CA8-144A-4508-8797-3F24DA68F707}"
EndProject
Global
	GlobalSection(SolutionConfigurationPlatforms) = preSolution
		Debug|Any CPU = Debug|Any CPU
		Release|Any CPU = Release|Any CPU
	EndGlobalSection
	GlobalSection(SolutionProperties) = preSolution
		HideSolutionNode = FALSE
	EndGlobalSection
	GlobalSection(ProjectConfigurationPlatforms) = postSolution
		{0884DA14-C256-4E61-99E9-15851F3DCD79}.Debug|Any CPU.ActiveCfg = Debug|Any CPU
		{0884DA14-C256-4E61-99E9-15851F3DCD79}.Debug|Any CPU.Build.0 = Debug|Any CPU
		{0884DA14-C256-4E61-99E9-15851F3DCD79}.Release|Any CPU.ActiveCfg = Release|Any CPU
		{0884DA14-C256-4E61-99E9-15851F3DCD79}.Release|Any CPU.Build.0 = Release|Any CPU
		{A5849CA8-144A-4508-8797-3F24DA68F707}.Debug|Any CPU.ActiveCfg = Debug|Any CPU
		{A5849CA8-144A-4508-8797-3F24DA68F707}.Debug|Any CPU.Build.0 = Debug|Any CPU
		{A5849CA8-144A-4508-8797-3F24DA68F707}.Release|Any CPU.ActiveCfg = Release|Any CPU
		{A5849CA8-144A-4508-8797-3F24DA68F707}.Release|Any CPU.Build.0 = Release|Any CPU
	EndGlobalSection
EndGlobal
